// !$*UTF8*$!
{
	archiveVersion = 1;
	classes = {
	};
	objectVersion = 48;
	objects = {

/* Begin PBXBuildFile section */
		DE3064F520136BC10079C52A /* AppDelegate.swift in Sources */ = {isa = PBXBuildFile; fileRef = DE3064F420136BC10079C52A /* AppDelegate.swift */; };
		DE3064F720136BC10079C52A /* GameScene.sks in Resources */ = {isa = PBXBuildFile; fileRef = DE3064F620136BC10079C52A /* GameScene.sks */; };
		DE3064F920136BC10079C52A /* Actions.sks in Resources */ = {isa = PBXBuildFile; fileRef = DE3064F820136BC10079C52A /* Actions.sks */; };
		DE3064FB20136BC10079C52A /* GameScene.swift in Sources */ = {isa = PBXBuildFile; fileRef = DE3064FA20136BC10079C52A /* GameScene.swift */; };
		DE3064FD20136BC10079C52A /* GameViewController.swift in Sources */ = {isa = PBXBuildFile; fileRef = DE3064FC20136BC10079C52A /* GameViewController.swift */; };
		DE30650020136BC10079C52A /* Main.storyboard in Resources */ = {isa = PBXBuildFile; fileRef = DE3064FE20136BC10079C52A /* Main.storyboard */; };
		DE30650220136BC10079C52A /* Assets.xcassets in Resources */ = {isa = PBXBuildFile; fileRef = DE30650120136BC10079C52A /* Assets.xcassets */; };
		DE30650520136BC10079C52A /* LaunchScreen.storyboard in Resources */ = {isa = PBXBuildFile; fileRef = DE30650320136BC10079C52A /* LaunchScreen.storyboard */; };
		DE30650D2013718F0079C52A /* LeftDial.swift in Sources */ = {isa = PBXBuildFile; fileRef = DE30650C2013718F0079C52A /* LeftDial.swift */; };
		DE30650F201396FB0079C52A /* RightDial.swift in Sources */ = {isa = PBXBuildFile; fileRef = DE30650E201396FB0079C52A /* RightDial.swift */; };
		DE3065112013BA3F0079C52A /* CGFloat+Extensions.swift in Sources */ = {isa = PBXBuildFile; fileRef = DE3065102013BA3F0079C52A /* CGFloat+Extensions.swift */; };
/* End PBXBuildFile section */

/* Begin PBXFileReference section */
		DE3064F120136BC10079C52A /* Etch.app */ = {isa = PBXFileReference; explicitFileType = wrapper.application; includeInIndex = 0; path = Etch.app; sourceTree = BUILT_PRODUCTS_DIR; };
		DE3064F420136BC10079C52A /* AppDelegate.swift */ = {isa = PBXFileReference; lastKnownFileType = sourcecode.swift; path = AppDelegate.swift; sourceTree = "<group>"; };
		DE3064F620136BC10079C52A /* GameScene.sks */ = {isa = PBXFileReference; lastKnownFileType = file.sks; path = GameScene.sks; sourceTree = "<group>"; };
		DE3064F820136BC10079C52A /* Actions.sks */ = {isa = PBXFileReference; lastKnownFileType = file.sks; path = Actions.sks; sourceTree = "<group>"; };
		DE3064FA20136BC10079C52A /* GameScene.swift */ = {isa = PBXFileReference; lastKnownFileType = sourcecode.swift; path = GameScene.swift; sourceTree = "<group>"; };
		DE3064FC20136BC10079C52A /* GameViewController.swift */ = {isa = PBXFileReference; lastKnownFileType = sourcecode.swift; path = GameViewController.swift; sourceTree = "<group>"; };
		DE3064FF20136BC10079C52A /* Base */ = {isa = PBXFileReference; lastKnownFileType = file.storyboard; name = Base; path = Base.lproj/Main.storyboard; sourceTree = "<group>"; };
		DE30650120136BC10079C52A /* Assets.xcassets */ = {isa = PBXFileReference; lastKnownFileType = folder.assetcatalog; path = Assets.xcassets; sourceTree = "<group>"; };
		DE30650420136BC10079C52A /* Base */ = {isa = PBXFileReference; lastKnownFileType = file.storyboard; name = Base; path = Base.lproj/LaunchScreen.storyboard; sourceTree = "<group>"; };
		DE30650620136BC10079C52A /* Info.plist */ = {isa = PBXFileReference; lastKnownFileType = text.plist.xml; path = Info.plist; sourceTree = "<group>"; };
		DE30650C2013718F0079C52A /* LeftDial.swift */ = {isa = PBXFileReference; lastKnownFileType = sourcecode.swift; path = LeftDial.swift; sourceTree = "<group>"; };
		DE30650E201396FB0079C52A /* RightDial.swift */ = {isa = PBXFileReference; lastKnownFileType = sourcecode.swift; path = RightDial.swift; sourceTree = "<group>"; };
		DE3065102013BA3F0079C52A /* CGFloat+Extensions.swift */ = {isa = PBXFileReference; fileEncoding = 4; lastKnownFileType = sourcecode.swift; name = "CGFloat+Extensions.swift"; path = "../../Minetime/Minetime/CGFloat+Extensions.swift"; sourceTree = "<group>"; };
/* End PBXFileReference section */

/* Begin PBXFrameworksBuildPhase section */
		DE3064EE20136BC10079C52A /* Frameworks */ = {
			isa = PBXFrameworksBuildPhase;
			buildActionMask = 2147483647;
			files = (
			);
			runOnlyForDeploymentPostprocessing = 0;
		};
/* End PBXFrameworksBuildPhase section */

/* Begin PBXGroup section */
		DE3064E820136BC00079C52A = {
			isa = PBXGroup;
			children = (
				DE3064F320136BC10079C52A /* Etch */,
				DE3064F220136BC10079C52A /* Products */,
			);
			sourceTree = "<group>";
		};
		DE3064F220136BC10079C52A /* Products */ = {
			isa = PBXGroup;
			children = (
				DE3064F120136BC10079C52A /* Etch.app */,
			);
			name = Products;
			sourceTree = "<group>";
		};
		DE3064F320136BC10079C52A /* Etch */ = {
			isa = PBXGroup;
			children = (
				DE3065102013BA3F0079C52A /* CGFloat+Extensions.swift */,
				DE3064F420136BC10079C52A /* AppDelegate.swift */,
				DE3064F620136BC10079C52A /* GameScene.sks */,
				DE3064F820136BC10079C52A /* Actions.sks */,
				DE3064FA20136BC10079C52A /* GameScene.swift */,
				DE30650C2013718F0079C52A /* LeftDial.swift */,
				DE30650E201396FB0079C52A /* RightDial.swift */,
				DE3064FC20136BC10079C52A /* GameViewController.swift */,
				DE3064FE20136BC10079C52A /* Main.storyboard */,
				DE30650120136BC10079C52A /* Assets.xcassets */,
				DE30650320136BC10079C52A /* LaunchScreen.storyboard */,
				DE30650620136BC10079C52A /* Info.plist */,
			);
			path = Etch;
			sourceTree = "<group>";
		};
/* End PBXGroup section */

/* Begin PBXNativeTarget section */
		DE3064F020136BC10079C52A /* Etch */ = {
			isa = PBXNativeTarget;
			buildConfigurationList = DE30650920136BC10079C52A /* Build configuration list for PBXNativeTarget "Etch" */;
			buildPhases = (
				DE3064ED20136BC10079C52A /* Sources */,
				DE3064EE20136BC10079C52A /* Frameworks */,
				DE3064EF20136BC10079C52A /* Resources */,
			);
			buildRules = (
			);
			dependencies = (
			);
			name = Etch;
			productName = Etch;
			productReference = DE3064F120136BC10079C52A /* Etch.app */;
			productType = "com.apple.product-type.application";
		};
/* End PBXNativeTarget section */

/* Begin PBXProject section */
		DE3064E920136BC00079C52A /* Project object */ = {
			isa = PBXProject;
			attributes = {
				LastSwiftUpdateCheck = 0920;
				LastUpgradeCheck = 0920;
				ORGANIZATIONNAME = "Wes Ong";
				TargetAttributes = {
					DE3064F020136BC10079C52A = {
						CreatedOnToolsVersion = 9.2;
						ProvisioningStyle = Automatic;
					};
				};
			};
			buildConfigurationList = DE3064EC20136BC00079C52A /* Build configuration list for PBXProject "Etch" */;
			compatibilityVersion = "Xcode 8.0";
			developmentRegion = en;
			hasScannedForEncodings = 0;
			knownRegions = (
				en,
				Base,
			);
			mainGroup = DE3064E820136BC00079C52A;
			productRefGroup = DE3064F220136BC10079C52A /* Products */;
			projectDirPath = "";
			projectRoot = "";
			targets = (
				DE3064F020136BC10079C52A /* Etch */,
			);
		};
/* End PBXProject section */

/* Begin PBXResourcesBuildPhase section */
		DE3064EF20136BC10079C52A /* Resources */ = {
			isa = PBXResourcesBuildPhase;
			buildActionMask = 2147483647;
			files = (
				DE30650020136BC10079C52A /* Main.storyboard in Resources */,
				DE3064F720136BC10079C52A /* GameScene.sks in Resources */,
				DE30650220136BC10079C52A /* Assets.xcassets in Resources */,
				DE30650520136BC10079C52A /* LaunchScreen.storyboard in Resources */,
				DE3064F920136BC10079C52A /* Actions.sks in Resources */,
			);
			runOnlyForDeploymentPostprocessing = 0;
		};
/* End PBXResourcesBuildPhase section */

/* Begin PBXSourcesBuildPhase section */
		DE3064ED20136BC10079C52A /* Sources */ = {
			isa = PBXSourcesBuildPhase;
			buildActionMask = 2147483647;
			files = (
				DE3064FB20136BC10079C52A /* GameScene.swift in Sources */,
				DE3064FD20136BC10079C52A /* GameViewController.swift in Sources */,
				DE3064F520136BC10079C52A /* AppDelegate.swift in Sources */,
				DE30650D2013718F0079C52A /* LeftDial.swift in Sources */,
				DE3065112013BA3F0079C52A /* CGFloat+Extensions.swift in Sources */,
				DE30650F201396FB0079C52A /* RightDial.swift in Sources */,
			);
			runOnlyForDeploymentPostprocessing = 0;
		};
/* End PBXSourcesBuildPhase section */

/* Begin PBXVariantGroup section */
		DE3064FE20136BC10079C52A /* Main.storyboard */ = {
			isa = PBXVariantGroup;
			children = (
				DE3064FF20136BC10079C52A /* Base */,
			);
			name = Main.storyboard;
			sourceTree = "<group>";
		};
		DE30650320136BC10079C52A /* LaunchScreen.storyboard */ = {
			isa = PBXVariantGroup;
			children = (
				DE30650420136BC10079C52A /* Base */,
			);
			name = LaunchScreen.storyboard;
			sourceTree = "<group>";
		};
/* End PBXVariantGroup section */

/* Begin XCBuildConfiguration section */
		DE30650720136BC10079C52A /* Debug */ = {
			isa = XCBuildConfiguration;
			buildSettings = {
				ALWAYS_SEARCH_USER_PATHS = NO;
				CLANG_ANALYZER_NONNULL = YES;
				CLANG_ANALYZER_NUMBER_OBJECT_CONVERSION = YES_AGGRESSIVE;
				CLANG_CXX_LANGUAGE_STANDARD = "gnu++14";
				CLANG_CXX_LIBRARY = "libc++";
				CLANG_ENABLE_MODULES = YES;
				CLANG_ENABLE_OBJC_ARC = YES;
				CLANG_WARN_BLOCK_CAPTURE_AUTORELEASING = YES;
				CLANG_WARN_BOOL_CONVERSION = YES;
				CLANG_WARN_COMMA = YES;
				CLANG_WARN_CONSTANT_CONVERSION = YES;
				CLANG_WARN_DIRECT_OBJC_ISA_USAGE = YES_ERROR;
				CLANG_WARN_DOCUMENTATION_COMMENTS = YES;
				CLANG_WARN_EMPTY_BODY = YES;
				CLANG_WARN_ENUM_CONVERSION = YES;
				CLANG_WARN_INFINITE_RECURSION = YES;
				CLANG_WARN_INT_CONVERSION = YES;
				CLANG_WARN_NON_LITERAL_NULL_CONVERSION = YES;
				CLANG_WARN_OBJC_LITERAL_CONVERSION = YES;
				CLANG_WARN_OBJC_ROOT_CLASS = YES_ERROR;
				CLANG_WARN_RANGE_LOOP_ANALYSIS = YES;
				CLANG_WARN_STRICT_PROTOTYPES = YES;
				CLANG_WARN_SUSPICIOUS_MOVE = YES;
				CLANG_WARN_UNGUARDED_AVAILABILITY = YES_AGGRESSIVE;
				CLANG_WARN_UNREACHABLE_CODE = YES;
				CLANG_WARN__DUPLICATE_METHOD_MATCH = YES;
				CODE_SIGN_IDENTITY = "iPhone Developer";
				COPY_PHASE_STRIP = NO;
				DEBUG_INFORMATION_FORMAT = dwarf;
				ENABLE_STRICT_OBJC_MSGSEND = YES;
				ENABLE_TESTABILITY = YES;
				GCC_C_LANGUAGE_STANDARD = gnu11;
				GCC_DYNAMIC_NO_PIC = NO;
				GCC_NO_COMMON_BLOCKS = YES;
				GCC_OPTIMIZATION_LEVEL = 0;
				GCC_PREPROCESSOR_DEFINITIONS = (
					"DEBUG=1",
					"$(inherited)",
				);
				GCC_WARN_64_TO_32_BIT_CONVERSION = YES;
				GCC_WARN_ABOUT_RETURN_TYPE = YES_ERROR;
				GCC_WARN_UNDECLARED_SELECTOR = YES;
				GCC_WARN_UNINITIALIZED_AUTOS = YES_AGGRESSIVE;
				GCC_WARN_UNUSED_FUNCTION = YES;
				GCC_WARN_UNUSED_VARIABLE = YES;
				IPHONEOS_DEPLOYMENT_TARGET = 11.2;
				MTL_ENABLE_DEBUG_INFO = YES;
				ONLY_ACTIVE_ARCH = YES;
				SDKROOT = iphoneos;
				SWIFT_ACTIVE_COMPILATION_CONDITIONS = DEBUG;
				SWIFT_OPTIMIZATION_LEVEL = "-Onone";
			};
			name = Debug;
		};
		DE30650820136BC10079C52A /* Release */ = {
			isa = XCBuildConfiguration;
			buildSettings = {
				ALWAYS_SEARCH_USER_PATHS = NO;
				CLANG_ANALYZER_NONNULL = YES;
				CLANG_ANALYZER_NUMBER_OBJECT_CONVERSION = YES_AGGRESSIVE;
				CLANG_CXX_LANGUAGE_STANDARD = "gnu++14";
				CLANG_CXX_LIBRARY = "libc++";
				CLANG_ENABLE_MODULES = YES;
				CLANG_ENABLE_OBJC_ARC = YES;
				CLANG_WARN_BLOCK_CAPTURE_AUTORELEASING = YES;
				CLANG_WARN_BOOL_CONVERSION = YES;
				CLANG_WARN_COMMA = YES;
				CLANG_WARN_CONSTANT_CONVERSION = YES;
				CLANG_WARN_DIRECT_OBJC_ISA_USAGE = YES_ERROR;
				CLANG_WARN_DOCUMENTATION_COMMENTS = YES;
				CLANG_WARN_EMPTY_BODY = YES;
				CLANG_WARN_ENUM_CONVERSION = YES;
				CLANG_WARN_INFINITE_RECURSION = YES;
				CLANG_WARN_INT_CONVERSION = YES;
				CLANG_WARN_NON_LITERAL_NULL_CONVERSION = YES;
				CLANG_WARN_OBJC_LITERAL_CONVERSION = YES;
				CLANG_WARN_OBJC_ROOT_CLASS = YES_ERROR;
				CLANG_WARN_RANGE_LOOP_ANALYSIS = YES;
				CLANG_WARN_STRICT_PROTOTYPES = YES;
				CLANG_WARN_SUSPICIOUS_MOVE = YES;
				CLANG_WARN_UNGUARDED_AVAILABILITY = YES_AGGRESSIVE;
				CLANG_WARN_UNREACHABLE_CODE = YES;
				CLANG_WARN__DUPLICATE_METHOD_MATCH = YES;
				CODE_SIGN_IDENTITY = "iPhone Developer";
				COPY_PHASE_STRIP = NO;
				DEBUG_INFORMATION_FORMAT = "dwarf-with-dsym";
				ENABLE_NS_ASSERTIONS = NO;
				ENABLE_STRICT_OBJC_MSGSEND = YES;
				GCC_C_LANGUAGE_STANDARD = gnu11;
				GCC_NO_COMMON_BLOCKS = YES;
				GCC_WARN_64_TO_32_BIT_CONVERSION = YES;
				GCC_WARN_ABOUT_RETURN_TYPE = YES_ERROR;
				GCC_WARN_UNDECLARED_SELECTOR = YES;
				GCC_WARN_UNINITIALIZED_AUTOS = YES_AGGRESSIVE;
				GCC_WARN_UNUSED_FUNCTION = YES;
				GCC_WARN_UNUSED_VARIABLE = YES;
				IPHONEOS_DEPLOYMENT_TARGET = 11.2;
				MTL_ENABLE_DEBUG_INFO = NO;
				SDKROOT = iphoneos;
				SWIFT_OPTIMIZATION_LEVEL = "-Owholemodule";
				VALIDATE_PRODUCT = YES;
			};
			name = Release;
		};
		DE30650A20136BC10079C52A /* Debug */ = {
			isa = XCBuildConfiguration;
			buildSettings = {
				ASSETCATALOG_COMPILER_APPICON_NAME = AppIcon;
				CODE_SIGN_STYLE = Automatic;
				DEVELOPMENT_TEAM = C79RLRW3DJ;
				INFOPLIST_FILE = Etch/Info.plist;
				IPHONEOS_DEPLOYMENT_TARGET = 10.3;
				LD_RUNPATH_SEARCH_PATHS = "$(inherited) @executable_path/Frameworks";
				PRODUCT_BUNDLE_IDENTIFIER = com.WesO.Etch;
				PRODUCT_NAME = "$(TARGET_NAME)";
				SWIFT_VERSION = 4.0;
				TARGETED_DEVICE_FAMILY = "1,2";
			};
			name = Debug;
		};
		DE30650B20136BC10079C52A /* Release */ = {
			isa = XCBuildConfiguration;
			buildSettings = {
				ASSETCATALOG_COMPILER_APPICON_NAME = AppIcon;
				CODE_SIGN_STYLE = Automatic;
				DEVELOPMENT_TEAM = C79RLRW3DJ;
				INFOPLIST_FILE = Etch/Info.plist;
				IPHONEOS_DEPLOYMENT_TARGET = 10.3;
				LD_RUNPATH_SEARCH_PATHS = "$(inherited) @executable_path/Frameworks";
				PRODUCT_BUNDLE_IDENTIFIER = com.WesO.Etch;
				PRODUCT_NAME = "$(TARGET_NAME)";
				SWIFT_VERSION = 4.0;
				TARGETED_DEVICE_FAMILY = "1,2";
			};
			name = Release;
		};
/* End XCBuildConfiguration section */

/* Begin XCConfigurationList section */
		DE3064EC20136BC00079C52A /* Build configuration list for PBXProject "Etch" */ = {
			isa = XCConfigurationList;
			buildConfigurations = (
				DE30650720136BC10079C52A /* Debug */,
				DE30650820136BC10079C52A /* Release */,
			);
			defaultConfigurationIsVisible = 0;
			defaultConfigurationName = Release;
		};
		DE30650920136BC10079C52A /* Build configuration list for PBXNativeTarget "Etch" */ = {
			isa = XCConfigurationList;
			buildConfigurations = (
				DE30650A20136BC10079C52A /* Debug */,
				DE30650B20136BC10079C52A /* Release */,
			);
			defaultConfigurationIsVisible = 0;
			defaultConfigurationName = Release;
		};
/* End XCConfigurationList section */
	};
	rootObject = DE3064E920136BC00079C52A /* Project object */;
}
